{"is_source_file": false, "format": "", "description": "", "external_files": [], "external_methods": [], "published": [], "classes": [], "methods": [], "calls": [], "search-terms": [], "state": 2, "file_id": 3, "knowledge_revision": 37, "git_revision": "a8fe792742294fff23f7bf682a53bfe9dcd651c4", "hash": "fe4c1b17910bcf2738bc7d4ed110d086", "format-version": 4, "code-base-name": "notes_frontend", "filename": "notes_frontend/pubspec.lock", "revision_history": [{"37": "a8fe792742294fff23f7bf682a53bfe9dcd651c4"}]}